
Microsoft Visual Studio Solution File, Format Version 12.00
# Visual Studio Version 17
VisualStudioVersion = 17.5.002.0
MinimumVisualStudioVersion = 10.0.40219.1
Project("{9A19103F-16F7-4668-BE54-9A1E7A4F7556}") = "Core", "Core\Core.csproj", "{7002E9CB-9A15-4B6B-9F6D-A9F51A972323}"
EndProject
Project("{9A19103F-16F7-4668-BE54-9A1E7A4F7556}") = "ECommerceAPI", "ECommerceAPI\ECommerceAPI.csproj", "{FC2E8C54-DE9B-47AA-86AC-AAF1B61CED3B}"
EndProject
Project("{9A19103F-16F7-4668-BE54-9A1E7A4F7556}") = "Infrastructure", "Infrastructure\Infrastructure.csproj", "{014FE1A1-9390-47BD-BA0D-A6AB7176B814}"
EndProject
Global
	GlobalSection(SolutionConfigurationPlatforms) = preSolution
		Debug|Any CPU = Debug|Any CPU
		Release|Any CPU = Release|Any CPU
	EndGlobalSection
	GlobalSection(ProjectConfigurationPlatforms) = postSolution
		{7002E9CB-9A15-4B6B-9F6D-A9F51A972323}.Debug|Any CPU.ActiveCfg = Debug|Any CPU
		{7002E9CB-9A15-4B6B-9F6D-A9F51A972323}.Debug|Any CPU.Build.0 = Debug|Any CPU
		{7002E9CB-9A15-4B6B-9F6D-A9F51A972323}.Release|Any CPU.ActiveCfg = Release|Any CPU
		{7002E9CB-9A15-4B6B-9F6D-A9F51A972323}.Release|Any CPU.Build.0 = Release|Any CPU
		{FC2E8C54-DE9B-47AA-86AC-AAF1B61CED3B}.Debug|Any CPU.ActiveCfg = Debug|Any CPU
		{FC2E8C54-DE9B-47AA-86AC-AAF1B61CED3B}.Debug|Any CPU.Build.0 = Debug|Any CPU
		{FC2E8C54-DE9B-47AA-86AC-AAF1B61CED3B}.Release|Any CPU.ActiveCfg = Release|Any CPU
		{FC2E8C54-DE9B-47AA-86AC-AAF1B61CED3B}.Release|Any CPU.Build.0 = Release|Any CPU
		{014FE1A1-9390-47BD-BA0D-A6AB7176B814}.Debug|Any CPU.ActiveCfg = Debug|Any CPU
		{014FE1A1-9390-47BD-BA0D-A6AB7176B814}.Debug|Any CPU.Build.0 = Debug|Any CPU
		{014FE1A1-9390-47BD-BA0D-A6AB7176B814}.Release|Any CPU.ActiveCfg = Release|Any CPU
		{014FE1A1-9390-47BD-BA0D-A6AB7176B814}.Release|Any CPU.Build.0 = Release|Any CPU
	EndGlobalSection
	GlobalSection(SolutionProperties) = preSolution
		HideSolutionNode = FALSE
	EndGlobalSection
	GlobalSection(ExtensibilityGlobals) = postSolution
		SolutionGuid = {0D395131-BC90-4EE8-ACAC-492E32853A4C}
	EndGlobalSection
EndGlobal
